
Microsoft Visual Studio Solution File, Format Version 12.00
# Visual Studio Version 16
VisualStudioVersion = 16.0.32126.315
MinimumVisualStudioVersion = 10.0.40219.1
Project("{FAE04EC0-301F-11D3-BF4B-00C04F79EFBC}") = "WebScraper.UI", "WebScraper.UI\WebScraper.UI.csproj", "{CE06FD92-8A65-4BA2-8498-0057ED4EC8E2}"
EndProject
Global
	GlobalSection(SolutionConfigurationPlatforms) = preSolution
		Debug|Any CPU = Debug|Any CPU
		Release|Any CPU = Release|Any CPU
	EndGlobalSection
	GlobalSection(ProjectConfigurationPlatforms) = postSolution
		{CE06FD92-8A65-4BA2-8498-0057ED4EC8E2}.Debug|Any CPU.ActiveCfg = Debug|Any CPU
		{CE06FD92-8A65-4BA2-8498-0057ED4EC8E2}.Debug|Any CPU.Build.0 = Debug|Any CPU
		{CE06FD92-8A65-4BA2-8498-0057ED4EC8E2}.Release|Any CPU.ActiveCfg = Release|Any CPU
		{CE06FD92-8A65-4BA2-8498-0057ED4EC8E2}.Release|Any CPU.Build.0 = Release|Any CPU
	EndGlobalSection
	GlobalSection(SolutionProperties) = preSolution
		HideSolutionNode = FALSE
	EndGlobalSection
	GlobalSection(ExtensibilityGlobals) = postSolution
		SolutionGuid = {96CA007D-CF4E-46B2-9F94-610E02C81922}
	EndGlobalSection
EndGlobal
